
Microsoft Visual Studio Solution File, Format Version 12.00
# Visual Studio Version 17
VisualStudioVersion = 17.0.31903.59
MinimumVisualStudioVersion = 10.0.40219.1
Project("{2150E333-8FDC-42A3-9474-1A3956D46DE8}") = "src", "src", "{093A162D-6FD0-4811-AB4F-3B34BF9B2434}"
EndProject
Project("{FAE04EC0-301F-11D3-BF4B-00C04F79EFBC}") = "WebApi", "src\API\WebApi.csproj", "{555C31F1-AC85-4215-89E5-1FB1CC773B73}"
EndProject
Project("{FAE04EC0-301F-11D3-BF4B-00C04F79EFBC}") = "Application", "src\Application\Application.csproj", "{47A7FD20-B3A7-4492-B8E0-F0291AFDCC39}"
EndProject
Project("{FAE04EC0-301F-11D3-BF4B-00C04F79EFBC}") = "Domain", "src\Domain\Domain.csproj", "{9F7DFC7C-CBEC-4AD7-9B8D-0350AE6AB5FE}"
EndProject
Project("{FAE04EC0-301F-11D3-BF4B-00C04F79EFBC}") = "Infrastructure", "src\Infrastructure\Infrastructure.csproj", "{C02D9468-388B-4C51-9704-3F9DA86851ED}"
EndProject
Project("{2150E333-8FDC-42A3-9474-1A3956D46DE8}") = "Tests", "Tests", "{6D894F5D-0A25-499B-B6A6-675290076529}"
EndProject
Project("{FAE04EC0-301F-11D3-BF4B-00C04F79EFBC}") = "ApplicationTests", "Tests\Application.UnitTests\ApplicationTests.csproj", "{1689D6E2-BC71-4344-AD5C-596F6EAD3B18}"
EndProject
Project("{FAE04EC0-301F-11D3-BF4B-00C04F79EFBC}") = "DomainTests", "Tests\Domain.UnitTests\DomainTests.csproj", "{DE2D395C-2B9C-48A4-A944-713B4DC06334}"
EndProject
Project("{FAE04EC0-301F-11D3-BF4B-00C04F79EFBC}") = "InfrastructureTests", "Tests\Infrastructure.UnitTests\InfrastructureTests.csproj", "{0C41F4F9-002A-4977-8925-3A89FC402FC6}"
EndProject
Global
	GlobalSection(SolutionConfigurationPlatforms) = preSolution
		Debug|Any CPU = Debug|Any CPU
		Release|Any CPU = Release|Any CPU
	EndGlobalSection
	GlobalSection(SolutionProperties) = preSolution
		HideSolutionNode = FALSE
	EndGlobalSection
	GlobalSection(ProjectConfigurationPlatforms) = postSolution
		{555C31F1-AC85-4215-89E5-1FB1CC773B73}.Debug|Any CPU.ActiveCfg = Debug|Any CPU
		{555C31F1-AC85-4215-89E5-1FB1CC773B73}.Debug|Any CPU.Build.0 = Debug|Any CPU
		{555C31F1-AC85-4215-89E5-1FB1CC773B73}.Release|Any CPU.ActiveCfg = Release|Any CPU
		{555C31F1-AC85-4215-89E5-1FB1CC773B73}.Release|Any CPU.Build.0 = Release|Any CPU
		{47A7FD20-B3A7-4492-B8E0-F0291AFDCC39}.Debug|Any CPU.ActiveCfg = Debug|Any CPU
		{47A7FD20-B3A7-4492-B8E0-F0291AFDCC39}.Debug|Any CPU.Build.0 = Debug|Any CPU
		{47A7FD20-B3A7-4492-B8E0-F0291AFDCC39}.Release|Any CPU.ActiveCfg = Release|Any CPU
		{47A7FD20-B3A7-4492-B8E0-F0291AFDCC39}.Release|Any CPU.Build.0 = Release|Any CPU
		{9F7DFC7C-CBEC-4AD7-9B8D-0350AE6AB5FE}.Debug|Any CPU.ActiveCfg = Debug|Any CPU
		{9F7DFC7C-CBEC-4AD7-9B8D-0350AE6AB5FE}.Debug|Any CPU.Build.0 = Debug|Any CPU
		{9F7DFC7C-CBEC-4AD7-9B8D-0350AE6AB5FE}.Release|Any CPU.ActiveCfg = Release|Any CPU
		{9F7DFC7C-CBEC-4AD7-9B8D-0350AE6AB5FE}.Release|Any CPU.Build.0 = Release|Any CPU
		{C02D9468-388B-4C51-9704-3F9DA86851ED}.Debug|Any CPU.ActiveCfg = Debug|Any CPU
		{C02D9468-388B-4C51-9704-3F9DA86851ED}.Debug|Any CPU.Build.0 = Debug|Any CPU
		{C02D9468-388B-4C51-9704-3F9DA86851ED}.Release|Any CPU.ActiveCfg = Release|Any CPU
		{C02D9468-388B-4C51-9704-3F9DA86851ED}.Release|Any CPU.Build.0 = Release|Any CPU
		{1689D6E2-BC71-4344-AD5C-596F6EAD3B18}.Debug|Any CPU.ActiveCfg = Debug|Any CPU
		{1689D6E2-BC71-4344-AD5C-596F6EAD3B18}.Debug|Any CPU.Build.0 = Debug|Any CPU
		{1689D6E2-BC71-4344-AD5C-596F6EAD3B18}.Release|Any CPU.ActiveCfg = Release|Any CPU
		{1689D6E2-BC71-4344-AD5C-596F6EAD3B18}.Release|Any CPU.Build.0 = Release|Any CPU
		{DE2D395C-2B9C-48A4-A944-713B4DC06334}.Debug|Any CPU.ActiveCfg = Debug|Any CPU
		{DE2D395C-2B9C-48A4-A944-713B4DC06334}.Debug|Any CPU.Build.0 = Debug|Any CPU
		{DE2D395C-2B9C-48A4-A944-713B4DC06334}.Release|Any CPU.ActiveCfg = Release|Any CPU
		{DE2D395C-2B9C-48A4-A944-713B4DC06334}.Release|Any CPU.Build.0 = Release|Any CPU
		{0C41F4F9-002A-4977-8925-3A89FC402FC6}.Debug|Any CPU.ActiveCfg = Debug|Any CPU
		{0C41F4F9-002A-4977-8925-3A89FC402FC6}.Debug|Any CPU.Build.0 = Debug|Any CPU
		{0C41F4F9-002A-4977-8925-3A89FC402FC6}.Release|Any CPU.ActiveCfg = Release|Any CPU
		{0C41F4F9-002A-4977-8925-3A89FC402FC6}.Release|Any CPU.Build.0 = Release|Any CPU
	EndGlobalSection
	GlobalSection(NestedProjects) = preSolution
		{555C31F1-AC85-4215-89E5-1FB1CC773B73} = {093A162D-6FD0-4811-AB4F-3B34BF9B2434}
		{47A7FD20-B3A7-4492-B8E0-F0291AFDCC39} = {093A162D-6FD0-4811-AB4F-3B34BF9B2434}
		{9F7DFC7C-CBEC-4AD7-9B8D-0350AE6AB5FE} = {093A162D-6FD0-4811-AB4F-3B34BF9B2434}
		{C02D9468-388B-4C51-9704-3F9DA86851ED} = {093A162D-6FD0-4811-AB4F-3B34BF9B2434}
		{1689D6E2-BC71-4344-AD5C-596F6EAD3B18} = {6D894F5D-0A25-499B-B6A6-675290076529}
		{DE2D395C-2B9C-48A4-A944-713B4DC06334} = {6D894F5D-0A25-499B-B6A6-675290076529}
		{0C41F4F9-002A-4977-8925-3A89FC402FC6} = {6D894F5D-0A25-499B-B6A6-675290076529}
	EndGlobalSection
EndGlobal
